
Microsoft Visual Studio Solution File, Format Version 12.00
# Visual Studio Version 17
VisualStudioVersion = 17.5.002.0
MinimumVisualStudioVersion = 10.0.40219.1
Project("{9A19103F-16F7-4668-BE54-9A1E7A4F7556}") = "ClassesTesting", "ClassesTesting.csproj", "{22FE9CE6-0A17-46AB-A7D6-CF83BE14BC37}"
EndProject
Global
	GlobalSection(SolutionConfigurationPlatforms) = preSolution
		Debug|Any CPU = Debug|Any CPU
		Release|Any CPU = Release|Any CPU
	EndGlobalSection
	GlobalSection(ProjectConfigurationPlatforms) = postSolution
		{22FE9CE6-0A17-46AB-A7D6-CF83BE14BC37}.Debug|Any CPU.ActiveCfg = Debug|Any CPU
		{22FE9CE6-0A17-46AB-A7D6-CF83BE14BC37}.Debug|Any CPU.Build.0 = Debug|Any CPU
		{22FE9CE6-0A17-46AB-A7D6-CF83BE14BC37}.Release|Any CPU.ActiveCfg = Release|Any CPU
		{22FE9CE6-0A17-46AB-A7D6-CF83BE14BC37}.Release|Any CPU.Build.0 = Release|Any CPU
	EndGlobalSection
	GlobalSection(SolutionProperties) = preSolution
		HideSolutionNode = FALSE
	EndGlobalSection
	GlobalSection(ExtensibilityGlobals) = postSolution
		SolutionGuid = {7AB47CAD-D04C-4740-A36E-C8C05B70B2D8}
	EndGlobalSection
EndGlobal
